codeberg.org/hum3/gogal v0.1.3 h1:S/edo25Q4SzZ9OBjXKghb3yuOL2+9MYMh/W9AcxBHsg=
codeberg.org/hum3/gogal v0.1.3/go.mod h1:BLskewqD7ZZ2J/7d1nRYUxD2XNnX1x/s4YTB7epR8Ws=
github.com/hack-pad/safejs v0.1.1 h1:d5qPO0iQ7h2oVtpzGnLExE+Wn9AtytxIfltcS2b9KD8=
github.com/hack-pad/safejs v0.1.1/go.mod h1:HdS+bKF1NrE72VoXZeWzxFOVQVUSqZJAG0xNCnb+Tio=
github.com/nlepage/go-js-promise v1.1.0 h1:BfvywsIMo4cpNOKyoReBWkxEW8f9HMwXqGc45wEKPRs=
github.com/nlepage/go-js-promise v1.1.0/go.mod h1:bdOP0wObXu34euibyK39K1hoBCtlgTKXGc56AGflaRo=
github.com/nlepage/go-wasm-http-server/v2 v2.2.1 h1:4tzhSb3HKQ3Ykt2TPfqEnmcPfw8n1E8agv4OzAyckr8=
github.com/nlepage/go-wasm-http-server/v2 v2.2.1/go.mod h1:r8j7cEOeUqNp+c+C52sNuWaFTvvT/cNqIwBuEtA36HA=
github.com/russross/blackfriday/v2 v2.1.0 h1:JIOH55/0cWyOuilr9/qlrm0BSXldqnqwMsf35Ld67mk=
github.com/russross/blackfriday/v2 v2.1.0/go.mod h1:+Rmxgy9KzJVeS9/2gXHxylqXiyQDYRxCVz55jmeOWTM=
