codeberg.org/hum3/gogal v0.1.2 h1:7hr+9bPLjHxIEBTwOqrPLMgMis8vPJ+N/gw/FMuZVZc=
codeberg.org/hum3/gogal v0.1.2/go.mod h1:BLskewqD7ZZ2J/7d1nRYUxD2XNnX1x/s4YTB7epR8Ws=
github.com/russross/blackfriday/v2 v2.1.0 h1:JIOH55/0cWyOuilr9/qlrm0BSXldqnqwMsf35Ld67mk=
github.com/russross/blackfriday/v2 v2.1.0/go.mod h1:+Rmxgy9KzJVeS9/2gXHxylqXiyQDYRxCVz55jmeOWTM=
